// !$*UTF8*$!
{
	archiveVersion = 1;
	classes = {
	};
	objectVersion = 55;
	objects = {

/* Begin PBXBuildFile section */
		032F784828D5C68500992B6C /* searchViewController.swift in Sources */ = {isa = PBXBuildFile; fileRef = 032F784728D5C68500992B6C /* searchViewController.swift */; };
		032F784A28D5C69800992B6C /* registerViewController.swift in Sources */ = {isa = PBXBuildFile; fileRef = 032F784928D5C69800992B6C /* registerViewController.swift */; };
		032F784C28D5C6AD00992B6C /* chatViewController.swift in Sources */ = {isa = PBXBuildFile; fileRef = 032F784B28D5C6AD00992B6C /* chatViewController.swift */; };
		032F784E28D5C6BB00992B6C /* myViewController.swift in Sources */ = {isa = PBXBuildFile; fileRef = 032F784D28D5C6BB00992B6C /* myViewController.swift */; };
		032F785028D6428600992B6C /* menuViewController.swift in Sources */ = {isa = PBXBuildFile; fileRef = 032F784F28D6428600992B6C /* menuViewController.swift */; };
		0377318D28D654FA0022A740 /* UISegmentView.swift in Sources */ = {isa = PBXBuildFile; fileRef = 0377318C28D654FA0022A740 /* UISegmentView.swift */; };
		0377319028D808860022A740 /* MenuCollectionViewCell.swift in Sources */ = {isa = PBXBuildFile; fileRef = 0377318E28D808860022A740 /* MenuCollectionViewCell.swift */; };
		0377319128D808860022A740 /* MenuCollectionViewCell.xib in Resources */ = {isa = PBXBuildFile; fileRef = 0377318F28D808860022A740 /* MenuCollectionViewCell.xib */; };
		037731A028D84EAA0022A740 /* menuHeaderCollectionReusableView.swift in Sources */ = {isa = PBXBuildFile; fileRef = 0377319F28D84EAA0022A740 /* menuHeaderCollectionReusableView.swift */; };
		037731A228D8527C0022A740 /* listItem.swift in Sources */ = {isa = PBXBuildFile; fileRef = 037731A128D8527C0022A740 /* listItem.swift */; };
		037731A428D852A30022A740 /* listSection.swift in Sources */ = {isa = PBXBuildFile; fileRef = 037731A328D852A30022A740 /* listSection.swift */; };
		037731A628D853870022A740 /* mockData.swift in Sources */ = {isa = PBXBuildFile; fileRef = 037731A528D853870022A740 /* mockData.swift */; };
		037731B528D8738E0022A740 /* menuSegFirst.swift in Sources */ = {isa = PBXBuildFile; fileRef = 037731B428D8738E0022A740 /* menuSegFirst.swift */; };
		03B1D3F328D324A300F0203A /* AppDelegate.swift in Sources */ = {isa = PBXBuildFile; fileRef = 03B1D3F228D324A300F0203A /* AppDelegate.swift */; };
		03B1D3F528D324A300F0203A /* SceneDelegate.swift in Sources */ = {isa = PBXBuildFile; fileRef = 03B1D3F428D324A300F0203A /* SceneDelegate.swift */; };
		03B1D3F728D324A300F0203A /* ViewController.swift in Sources */ = {isa = PBXBuildFile; fileRef = 03B1D3F628D324A300F0203A /* ViewController.swift */; };
		03B1D3FA28D324A300F0203A /* Main.storyboard in Resources */ = {isa = PBXBuildFile; fileRef = 03B1D3F828D324A300F0203A /* Main.storyboard */; };
		03B1D3FC28D324A400F0203A /* Assets.xcassets in Resources */ = {isa = PBXBuildFile; fileRef = 03B1D3FB28D324A400F0203A /* Assets.xcassets */; };
		03B1D3FF28D324A400F0203A /* LaunchScreen.storyboard in Resources */ = {isa = PBXBuildFile; fileRef = 03B1D3FD28D324A400F0203A /* LaunchScreen.storyboard */; };
/* End PBXBuildFile section */

/* Begin PBXFileReference section */
		032F784728D5C68500992B6C /* searchViewController.swift */ = {isa = PBXFileReference; lastKnownFileType = sourcecode.swift; path = searchViewController.swift; sourceTree = "<group>"; };
		032F784928D5C69800992B6C /* registerViewController.swift */ = {isa = PBXFileReference; lastKnownFileType = sourcecode.swift; path = registerViewController.swift; sourceTree = "<group>"; };
		032F784B28D5C6AD00992B6C /* chatViewController.swift */ = {isa = PBXFileReference; lastKnownFileType = sourcecode.swift; path = chatViewController.swift; sourceTree = "<group>"; };
		032F784D28D5C6BB00992B6C /* myViewController.swift */ = {isa = PBXFileReference; lastKnownFileType = sourcecode.swift; path = myViewController.swift; sourceTree = "<group>"; };
		032F784F28D6428600992B6C /* menuViewController.swift */ = {isa = PBXFileReference; lastKnownFileType = sourcecode.swift; path = menuViewController.swift; sourceTree = "<group>"; };
		0377318C28D654FA0022A740 /* UISegmentView.swift */ = {isa = PBXFileReference; lastKnownFileType = sourcecode.swift; path = UISegmentView.swift; sourceTree = "<group>"; };
		0377318E28D808860022A740 /* MenuCollectionViewCell.swift */ = {isa = PBXFileReference; lastKnownFileType = sourcecode.swift; path = MenuCollectionViewCell.swift; sourceTree = "<group>"; };
		0377318F28D808860022A740 /* MenuCollectionViewCell.xib */ = {isa = PBXFileReference; lastKnownFileType = file.xib; path = MenuCollectionViewCell.xib; sourceTree = "<group>"; };
		0377319F28D84EAA0022A740 /* menuHeaderCollectionReusableView.swift */ = {isa = PBXFileReference; lastKnownFileType = sourcecode.swift; path = menuHeaderCollectionReusableView.swift; sourceTree = "<group>"; };
		037731A128D8527C0022A740 /* listItem.swift */ = {isa = PBXFileReference; lastKnownFileType = sourcecode.swift; path = listItem.swift; sourceTree = "<group>"; };
		037731A328D852A30022A740 /* listSection.swift */ = {isa = PBXFileReference; lastKnownFileType = sourcecode.swift; path = listSection.swift; sourceTree = "<group>"; };
		037731A528D853870022A740 /* mockData.swift */ = {isa = PBXFileReference; lastKnownFileType = sourcecode.swift; path = mockData.swift; sourceTree = "<group>"; };
		037731B428D8738E0022A740 /* menuSegFirst.swift */ = {isa = PBXFileReference; lastKnownFileType = sourcecode.swift; path = menuSegFirst.swift; sourceTree = "<group>"; };
		03B1D3EF28D324A300F0203A /* eMarketMock.app */ = {isa = PBXFileReference; explicitFileType = wrapper.application; includeInIndex = 0; path = eMarketMock.app; sourceTree = BUILT_PRODUCTS_DIR; };
		03B1D3F228D324A300F0203A /* AppDelegate.swift */ = {isa = PBXFileReference; lastKnownFileType = sourcecode.swift; path = AppDelegate.swift; sourceTree = "<group>"; };
		03B1D3F428D324A300F0203A /* SceneDelegate.swift */ = {isa = PBXFileReference; lastKnownFileType = sourcecode.swift; path = SceneDelegate.swift; sourceTree = "<group>"; };
		03B1D3F628D324A300F0203A /* ViewController.swift */ = {isa = PBXFileReference; lastKnownFileType = sourcecode.swift; path = ViewController.swift; sourceTree = "<group>"; };
		03B1D3F928D324A300F0203A /* Base */ = {isa = PBXFileReference; lastKnownFileType = file.storyboard; name = Base; path = Base.lproj/Main.storyboard; sourceTree = "<group>"; };
		03B1D3FB28D324A400F0203A /* Assets.xcassets */ = {isa = PBXFileReference; lastKnownFileType = folder.assetcatalog; path = Assets.xcassets; sourceTree = "<group>"; };
		03B1D3FE28D324A400F0203A /* Base */ = {isa = PBXFileReference; lastKnownFileType = file.storyboard; name = Base; path = Base.lproj/LaunchScreen.storyboard; sourceTree = "<group>"; };
		03B1D40028D324A400F0203A /* Info.plist */ = {isa = PBXFileReference; lastKnownFileType = text.plist.xml; path = Info.plist; sourceTree = "<group>"; };
/* End PBXFileReference section */

/* Begin PBXFrameworksBuildPhase section */
		03B1D3EC28D324A300F0203A /* Frameworks */ = {
			isa = PBXFrameworksBuildPhase;
			buildActionMask = 2147483647;
			files = (
			);
			runOnlyForDeploymentPostprocessing = 0;
		};
/* End PBXFrameworksBuildPhase section */

/* Begin PBXGroup section */
		037731A728D85C4E0022A740 /* testData */ = {
			isa = PBXGroup;
			children = (
				037731A128D8527C0022A740 /* listItem.swift */,
				037731A328D852A30022A740 /* listSection.swift */,
				037731A528D853870022A740 /* mockData.swift */,
			);
			path = testData;
			sourceTree = "<group>";
		};
		03B1D3E628D324A300F0203A = {
			isa = PBXGroup;
			children = (
				03B1D3F128D324A300F0203A /* eMarketMock */,
				03B1D3F028D324A300F0203A /* Products */,
			);
			sourceTree = "<group>";
		};
		03B1D3F028D324A300F0203A /* Products */ = {
			isa = PBXGroup;
			children = (
				03B1D3EF28D324A300F0203A /* eMarketMock.app */,
			);
			name = Products;
			sourceTree = "<group>";
		};
		03B1D3F128D324A300F0203A /* eMarketMock */ = {
			isa = PBXGroup;
			children = (
				03B1D3F228D324A300F0203A /* AppDelegate.swift */,
				03B1D3F428D324A300F0203A /* SceneDelegate.swift */,
				03B1D3F628D324A300F0203A /* ViewController.swift */,
				032F784728D5C68500992B6C /* searchViewController.swift */,
				032F784928D5C69800992B6C /* registerViewController.swift */,
				032F784B28D5C6AD00992B6C /* chatViewController.swift */,
				032F784D28D5C6BB00992B6C /* myViewController.swift */,
				03B1D3F828D324A300F0203A /* Main.storyboard */,
				032F784F28D6428600992B6C /* menuViewController.swift */,
				037731B428D8738E0022A740 /* menuSegFirst.swift */,
				037731A728D85C4E0022A740 /* testData */,
				0377318C28D654FA0022A740 /* UISegmentView.swift */,
				0377319F28D84EAA0022A740 /* menuHeaderCollectionReusableView.swift */,
				0377318E28D808860022A740 /* MenuCollectionViewCell.swift */,
				0377318F28D808860022A740 /* MenuCollectionViewCell.xib */,
				03B1D3FB28D324A400F0203A /* Assets.xcassets */,
				03B1D3FD28D324A400F0203A /* LaunchScreen.storyboard */,
				03B1D40028D324A400F0203A /* Info.plist */,
			);
			path = eMarketMock;
			sourceTree = "<group>";
		};
/* End PBXGroup section */

/* Begin PBXNativeTarget section */
		03B1D3EE28D324A300F0203A /* eMarketMock */ = {
			isa = PBXNativeTarget;
			buildConfigurationList = 03B1D40328D324A400F0203A /* Build configuration list for PBXNativeTarget "eMarketMock" */;
			buildPhases = (
				03B1D3EB28D324A300F0203A /* Sources */,
				03B1D3EC28D324A300F0203A /* Frameworks */,
				03B1D3ED28D324A300F0203A /* Resources */,
			);
			buildRules = (
			);
			dependencies = (
			);
			name = eMarketMock;
			productName = eMarketMock;
			productReference = 03B1D3EF28D324A300F0203A /* eMarketMock.app */;
			productType = "com.apple.product-type.application";
		};
/* End PBXNativeTarget section */

/* Begin PBXProject section */
		03B1D3E728D324A300F0203A /* Project object */ = {
			isa = PBXProject;
			attributes = {
				BuildIndependentTargetsInParallel = 1;
				LastSwiftUpdateCheck = 1320;
				LastUpgradeCheck = 1320;
				TargetAttributes = {
					03B1D3EE28D324A300F0203A = {
						CreatedOnToolsVersion = 13.2.1;
					};
				};
			};
			buildConfigurationList = 03B1D3EA28D324A300F0203A /* Build configuration list for PBXProject "eMarketMock" */;
			compatibilityVersion = "Xcode 13.0";
			developmentRegion = en;
			hasScannedForEncodings = 0;
			knownRegions = (
				en,
				Base,
			);
			mainGroup = 03B1D3E628D324A300F0203A;
			productRefGroup = 03B1D3F028D324A300F0203A /* Products */;
			projectDirPath = "";
			projectRoot = "";
			targets = (
				03B1D3EE28D324A300F0203A /* eMarketMock */,
			);
		};
/* End PBXProject section */

/* Begin PBXResourcesBuildPhase section */
		03B1D3ED28D324A300F0203A /* Resources */ = {
			isa = PBXResourcesBuildPhase;
			buildActionMask = 2147483647;
			files = (
				03B1D3FF28D324A400F0203A /* LaunchScreen.storyboard in Resources */,
				03B1D3FC28D324A400F0203A /* Assets.xcassets in Resources */,
				03B1D3FA28D324A300F0203A /* Main.storyboard in Resources */,
				0377319128D808860022A740 /* MenuCollectionViewCell.xib in Resources */,
			);
			runOnlyForDeploymentPostprocessing = 0;
		};
/* End PBXResourcesBuildPhase section */

/* Begin PBXSourcesBuildPhase section */
		03B1D3EB28D324A300F0203A /* Sources */ = {
			isa = PBXSourcesBuildPhase;
			buildActionMask = 2147483647;
			files = (
				037731B528D8738E0022A740 /* menuSegFirst.swift in Sources */,
				03B1D3F728D324A300F0203A /* ViewController.swift in Sources */,
				032F784828D5C68500992B6C /* searchViewController.swift in Sources */,
				03B1D3F328D324A300F0203A /* AppDelegate.swift in Sources */,
				0377318D28D654FA0022A740 /* UISegmentView.swift in Sources */,
				037731A228D8527C0022A740 /* listItem.swift in Sources */,
				032F784A28D5C69800992B6C /* registerViewController.swift in Sources */,
				03B1D3F528D324A300F0203A /* SceneDelegate.swift in Sources */,
				032F784C28D5C6AD00992B6C /* chatViewController.swift in Sources */,
				037731A028D84EAA0022A740 /* menuHeaderCollectionReusableView.swift in Sources */,
				032F784E28D5C6BB00992B6C /* myViewController.swift in Sources */,
				037731A428D852A30022A740 /* listSection.swift in Sources */,
				032F785028D6428600992B6C /* menuViewController.swift in Sources */,
				0377319028D808860022A740 /* MenuCollectionViewCell.swift in Sources */,
				037731A628D853870022A740 /* mockData.swift in Sources */,
			);
			runOnlyForDeploymentPostprocessing = 0;
		};
/* End PBXSourcesBuildPhase section */

/* Begin PBXVariantGroup section */
		03B1D3F828D324A300F0203A /* Main.storyboard */ = {
			isa = PBXVariantGroup;
			children = (
				03B1D3F928D324A300F0203A /* Base */,
			);
			name = Main.storyboard;
			sourceTree = "<group>";
		};
		03B1D3FD28D324A400F0203A /* LaunchScreen.storyboard */ = {
			isa = PBXVariantGroup;
			children = (
				03B1D3FE28D324A400F0203A /* Base */,
			);
			name = LaunchScreen.storyboard;
			sourceTree = "<group>";
		};
/* End PBXVariantGroup section */

/* Begin XCBuildConfiguration section */
		03B1D40128D324A400F0203A /* Debug */ = {
			isa = XCBuildConfiguration;
			buildSettings = {
				ALWAYS_SEARCH_USER_PATHS = NO;
				CLANG_ANALYZER_NONNULL = YES;
				CLANG_ANALYZER_NUMBER_OBJECT_CONVERSION = YES_AGGRESSIVE;
				CLANG_CXX_LANGUAGE_STANDARD = "gnu++17";
				CLANG_CXX_LIBRARY = "libc++";
				CLANG_ENABLE_MODULES = YES;
				CLANG_ENABLE_OBJC_ARC = YES;
				CLANG_ENABLE_OBJC_WEAK = YES;
				CLANG_WARN_BLOCK_CAPTURE_AUTORELEASING = YES;
				CLANG_WARN_BOOL_CONVERSION = YES;
				CLANG_WARN_COMMA = YES;
				CLANG_WARN_CONSTANT_CONVERSION = YES;
				CLANG_WARN_DEPRECATED_OBJC_IMPLEMENTATIONS = YES;
				CLANG_WARN_DIRECT_OBJC_ISA_USAGE = YES_ERROR;
				CLANG_WARN_DOCUMENTATION_COMMENTS = YES;
				CLANG_WARN_EMPTY_BODY = YES;
				CLANG_WARN_ENUM_CONVERSION = YES;
				CLANG_WARN_INFINITE_RECURSION = YES;
				CLANG_WARN_INT_CONVERSION = YES;
				CLANG_WARN_NON_LITERAL_NULL_CONVERSION = YES;
				CLANG_WARN_OBJC_IMPLICIT_RETAIN_SELF = YES;
				CLANG_WARN_OBJC_LITERAL_CONVERSION = YES;
				CLANG_WARN_OBJC_ROOT_CLASS = YES_ERROR;
				CLANG_WARN_QUOTED_INCLUDE_IN_FRAMEWORK_HEADER = YES;
				CLANG_WARN_RANGE_LOOP_ANALYSIS = YES;
				CLANG_WARN_STRICT_PROTOTYPES = YES;
				CLANG_WARN_SUSPICIOUS_MOVE = YES;
				CLANG_WARN_UNGUARDED_AVAILABILITY = YES_AGGRESSIVE;
				CLANG_WARN_UNREACHABLE_CODE = YES;
				CLANG_WARN__DUPLICATE_METHOD_MATCH = YES;
				COPY_PHASE_STRIP = NO;
				DEBUG_INFORMATION_FORMAT = dwarf;
				ENABLE_STRICT_OBJC_MSGSEND = YES;
				ENABLE_TESTABILITY = YES;
				GCC_C_LANGUAGE_STANDARD = gnu11;
				GCC_DYNAMIC_NO_PIC = NO;
				GCC_NO_COMMON_BLOCKS = YES;
				GCC_OPTIMIZATION_LEVEL = 0;
				GCC_PREPROCESSOR_DEFINITIONS = (
					"DEBUG=1",
					"$(inherited)",
				);
				GCC_WARN_64_TO_32_BIT_CONVERSION = YES;
				GCC_WARN_ABOUT_RETURN_TYPE = YES_ERROR;
				GCC_WARN_UNDECLARED_SELECTOR = YES;
				GCC_WARN_UNINITIALIZED_AUTOS = YES_AGGRESSIVE;
				GCC_WARN_UNUSED_FUNCTION = YES;
				GCC_WARN_UNUSED_VARIABLE = YES;
				IPHONEOS_DEPLOYMENT_TARGET = 15.2;
				MTL_ENABLE_DEBUG_INFO = INCLUDE_SOURCE;
				MTL_FAST_MATH = YES;
				ONLY_ACTIVE_ARCH = YES;
				SDKROOT = iphoneos;
				SWIFT_ACTIVE_COMPILATION_CONDITIONS = DEBUG;
				SWIFT_OPTIMIZATION_LEVEL = "-Onone";
			};
			name = Debug;
		};
		03B1D40228D324A400F0203A /* Release */ = {
			isa = XCBuildConfiguration;
			buildSettings = {
				ALWAYS_SEARCH_USER_PATHS = NO;
				CLANG_ANALYZER_NONNULL = YES;
				CLANG_ANALYZER_NUMBER_OBJECT_CONVERSION = YES_AGGRESSIVE;
				CLANG_CXX_LANGUAGE_STANDARD = "gnu++17";
				CLANG_CXX_LIBRARY = "libc++";
				CLANG_ENABLE_MODULES = YES;
				CLANG_ENABLE_OBJC_ARC = YES;
				CLANG_ENABLE_OBJC_WEAK = YES;
				CLANG_WARN_BLOCK_CAPTURE_AUTORELEASING = YES;
				CLANG_WARN_BOOL_CONVERSION = YES;
				CLANG_WARN_COMMA = YES;
				CLANG_WARN_CONSTANT_CONVERSION = YES;
				CLANG_WARN_DEPRECATED_OBJC_IMPLEMENTATIONS = YES;
				CLANG_WARN_DIRECT_OBJC_ISA_USAGE = YES_ERROR;
				CLANG_WARN_DOCUMENTATION_COMMENTS = YES;
				CLANG_WARN_EMPTY_BODY = YES;
				CLANG_WARN_ENUM_CONVERSION = YES;
				CLANG_WARN_INFINITE_RECURSION = YES;
				CLANG_WARN_INT_CONVERSION = YES;
				CLANG_WARN_NON_LITERAL_NULL_CONVERSION = YES;
				CLANG_WARN_OBJC_IMPLICIT_RETAIN_SELF = YES;
				CLANG_WARN_OBJC_LITERAL_CONVERSION = YES;
				CLANG_WARN_OBJC_ROOT_CLASS = YES_ERROR;
				CLANG_WARN_QUOTED_INCLUDE_IN_FRAMEWORK_HEADER = YES;
				CLANG_WARN_RANGE_LOOP_ANALYSIS = YES;
				CLANG_WARN_STRICT_PROTOTYPES = YES;
				CLANG_WARN_SUSPICIOUS_MOVE = YES;
				CLANG_WARN_UNGUARDED_AVAILABILITY = YES_AGGRESSIVE;
				CLANG_WARN_UNREACHABLE_CODE = YES;
				CLANG_WARN__DUPLICATE_METHOD_MATCH = YES;
				COPY_PHASE_STRIP = NO;
				DEBUG_INFORMATION_FORMAT = "dwarf-with-dsym";
				ENABLE_NS_ASSERTIONS = NO;
				ENABLE_STRICT_OBJC_MSGSEND = YES;
				GCC_C_LANGUAGE_STANDARD = gnu11;
				GCC_NO_COMMON_BLOCKS = YES;
				GCC_WARN_64_TO_32_BIT_CONVERSION = YES;
				GCC_WARN_ABOUT_RETURN_TYPE = YES_ERROR;
				GCC_WARN_UNDECLARED_SELECTOR = YES;
				GCC_WARN_UNINITIALIZED_AUTOS = YES_AGGRESSIVE;
				GCC_WARN_UNUSED_FUNCTION = YES;
				GCC_WARN_UNUSED_VARIABLE = YES;
				IPHONEOS_DEPLOYMENT_TARGET = 15.2;
				MTL_ENABLE_DEBUG_INFO = NO;
				MTL_FAST_MATH = YES;
				SDKROOT = iphoneos;
				SWIFT_COMPILATION_MODE = wholemodule;
				SWIFT_OPTIMIZATION_LEVEL = "-O";
				VALIDATE_PRODUCT = YES;
			};
			name = Release;
		};
		03B1D40428D324A400F0203A /* Debug */ = {
			isa = XCBuildConfiguration;
			buildSettings = {
				ASSETCATALOG_COMPILER_APPICON_NAME = AppIcon;
				ASSETCATALOG_COMPILER_GLOBAL_ACCENT_COLOR_NAME = AccentColor;
				CODE_SIGN_STYLE = Automatic;
				CURRENT_PROJECT_VERSION = 1;
				DEVELOPMENT_TEAM = 6225DX9457;
				GENERATE_INFOPLIST_FILE = YES;
				INFOPLIST_FILE = eMarketMock/Info.plist;
				INFOPLIST_KEY_UIApplicationSupportsIndirectInputEvents = YES;
				INFOPLIST_KEY_UILaunchStoryboardName = LaunchScreen;
				INFOPLIST_KEY_UIMainStoryboardFile = Main;
				INFOPLIST_KEY_UISupportedInterfaceOrientations_iPad = "UIInterfaceOrientationPortrait UIInterfaceOrientationPortraitUpsideDown UIInterfaceOrientationLandscapeLeft UIInterfaceOrientationLandscapeRight";
				INFOPLIST_KEY_UISupportedInterfaceOrientations_iPhone = "UIInterfaceOrientationPortrait UIInterfaceOrientationLandscapeLeft UIInterfaceOrientationLandscapeRight";
				LD_RUNPATH_SEARCH_PATHS = (
					"$(inherited)",
					"@executable_path/Frameworks",
				);
				MARKETING_VERSION = 1.0;
				PRODUCT_BUNDLE_IDENTIFIER = JaehoBe.eMarketMock;
				PRODUCT_NAME = "$(TARGET_NAME)";
				SWIFT_EMIT_LOC_STRINGS = YES;
				SWIFT_VERSION = 5.0;
				TARGETED_DEVICE_FAMILY = 1;
			};
			name = Debug;
		};
		03B1D40528D324A400F0203A /* Release */ = {
			isa = XCBuildConfiguration;
			buildSettings = {
				ASSETCATALOG_COMPILER_APPICON_NAME = AppIcon;
				ASSETCATALOG_COMPILER_GLOBAL_ACCENT_COLOR_NAME = AccentColor;
				CODE_SIGN_STYLE = Automatic;
				CURRENT_PROJECT_VERSION = 1;
				DEVELOPMENT_TEAM = 6225DX9457;
				GENERATE_INFOPLIST_FILE = YES;
				INFOPLIST_FILE = eMarketMock/Info.plist;
				INFOPLIST_KEY_UIApplicationSupportsIndirectInputEvents = YES;
				INFOPLIST_KEY_UILaunchStoryboardName = LaunchScreen;
				INFOPLIST_KEY_UIMainStoryboardFile = Main;
				INFOPLIST_KEY_UISupportedInterfaceOrientations_iPad = "UIInterfaceOrientationPortrait UIInterfaceOrientationPortraitUpsideDown UIInterfaceOrientationLandscapeLeft UIInterfaceOrientationLandscapeRight";
				INFOPLIST_KEY_UISupportedInterfaceOrientations_iPhone = "UIInterfaceOrientationPortrait UIInterfaceOrientationLandscapeLeft UIInterfaceOrientationLandscapeRight";
				LD_RUNPATH_SEARCH_PATHS = (
					"$(inherited)",
					"@executable_path/Frameworks",
				);
				MARKETING_VERSION = 1.0;
				PRODUCT_BUNDLE_IDENTIFIER = JaehoBe.eMarketMock;
				PRODUCT_NAME = "$(TARGET_NAME)";
				SWIFT_EMIT_LOC_STRINGS = YES;
				SWIFT_VERSION = 5.0;
				TARGETED_DEVICE_FAMILY = 1;
			};
			name = Release;
		};
/* End XCBuildConfiguration section */

/* Begin XCConfigurationList section */
		03B1D3EA28D324A300F0203A /* Build configuration list for PBXProject "eMarketMock" */ = {
			isa = XCConfigurationList;
			buildConfigurations = (
				03B1D40128D324A400F0203A /* Debug */,
				03B1D40228D324A400F0203A /* Release */,
			);
			defaultConfigurationIsVisible = 0;
			defaultConfigurationName = Release;
		};
		03B1D40328D324A400F0203A /* Build configuration list for PBXNativeTarget "eMarketMock" */ = {
			isa = XCConfigurationList;
			buildConfigurations = (
				03B1D40428D324A400F0203A /* Debug */,
				03B1D40528D324A400F0203A /* Release */,
			);
			defaultConfigurationIsVisible = 0;
			defaultConfigurationName = Release;
		};
/* End XCConfigurationList section */
	};
	rootObject = 03B1D3E728D324A300F0203A /* Project object */;
}
